# This file is automatically @generated by Cargo.
# It is not intended for manual editing.
version = 4

[[package]]
name = "noye"
version = "0.1.0"
dependencies = [
 "noye-common",
 "noye-monitor",
 "noye-web",
]

[[package]]
name = "noye-common"
version = "0.1.0"

[[package]]
name = "noye-monitor"
version = "0.1.0"

[[package]]
name = "noye-web"
version = "0.1.0"
